{
  "requires": true,
  "lockfileVersion": 1,
  "dependencies": {
    "ag-grid-community": {
      "version": "20.1.0",
      "resolved": "https://registry.npmjs.org/ag-grid-community/-/ag-grid-community-20.1.0.tgz",
      "integrity": "sha512-58JQj2n/2NvqStDO0aNEEUUvc1ziRcEhi1NY+AYzsADzA0snrn228D4ea974JYjxbqy4cqFsqn9hDX11aInIfg=="
    },
    "ag-grid-react": {
      "version": "20.1.1",
      "resolved": "https://registry.npmjs.org/ag-grid-react/-/ag-grid-react-20.1.1.tgz",
      "integrity": "sha512-4t7oPh+/qD0Di6JLW/6umRVgqo4EvL8XuRvM/CGcf0RZba/zI4kNLxQsALIURQ8lMCPo/REeUkiQ9A95mXvbtA==",
      "requires": {
        "prop-types": "^15.6.2"
      }
    },
    "bootstrap": {
      "version": "3.4.1",
      "resolved": "https://registry.npmjs.org/bootstrap/-/bootstrap-3.4.1.tgz",
      "integrity": "sha512-yN5oZVmRCwe5aKwzRj6736nSmKDX7pLYwsXiCj/EYmo16hODaBiT4En5btW/jhBF/seV+XMx3aYwukYC3A49DA=="
    },
    "js-tokens": {
      "version": "4.0.0",
      "resolved": "https://registry.npmjs.org/js-tokens/-/js-tokens-4.0.0.tgz",
      "integrity": "sha512-RdJUflcE3cUzKiMqQgsCu06FPu9UdIJO0beYbPhHN4k6apgJtifcoCtT9bcxOpYBtpD2kCM6Sbzg4CausW/PKQ=="
    },
    "loose-envify": {
      "version": "1.4.0",
      "resolved": "https://registry.npmjs.org/loose-envify/-/loose-envify-1.4.0.tgz",
      "integrity": "sha512-lyuxPGr/Wfhrlem2CL/UcnUc1zcqKAImBDzukY7Y5F/yQiNdko6+fRLevlw1HgMySw7f611UIY408EtxRSoK3Q==",
      "requires": {
        "js-tokens": "^3.0.0 || ^4.0.0"
      }
    },
    "object-assign": {
      "version": "4.1.1",
      "resolved": "https://registry.npmjs.org/object-assign/-/object-assign-4.1.1.tgz",
      "integrity": "sha1-IQmtx5ZYh8/AXLvUQsrIv7s2CGM="
    },
    "prop-types": {
      "version": "15.7.2",
      "resolved": "https://registry.npmjs.org/prop-types/-/prop-types-15.7.2.tgz",
      "integrity": "sha512-8QQikdH7//R2vurIJSutZ1smHYTcLpRWEOlHnzcWHmBYrOGUysKwSsrC89BCiFj3CbrfJ/nXFdJepOVrY1GCHQ==",
      "requires": {
        "loose-envify": "^1.4.0",
        "object-assign": "^4.1.1",
        "react-is": "^16.8.1"
      }
    },
    "react-dom-factories": {
      "version": "1.0.2",
      "resolved": "https://registry.npmjs.org/react-dom-factories/-/react-dom-factories-1.0.2.tgz",
      "integrity": "sha1-63cFxNs2+1AbOqOP91lhaqD/luA="
    },
    "react-is": {
      "version": "16.8.4",
      "resolved": "https://registry.npmjs.org/react-is/-/react-is-16.8.4.tgz",
      "integrity": "sha512-PVadd+WaUDOAciICm/J1waJaSvgq+4rHE/K70j0PFqKhkTBsPv/82UGQJNXAngz1fOQLLxI6z1sEDmJDQhCTAA=="
    }
  }
}
