{
  "requires": true,
  "lockfileVersion": 1,
  "dependencies": {
    "@babel/runtime": {
      "version": "7.3.4",
      "resolved": "https://registry.npmjs.org/@babel/runtime/-/runtime-7.3.4.tgz",
      "integrity": "sha512-IvfvnMdSaLBateu0jfsYIpZTxAc2cKEXEMiezGGN75QcBcecDUKd3PgLAncT0oOgxKy8dd8hrJKj9MfzgfZd6g==",
      "requires": {
        "regenerator-runtime": "^0.12.0"
      }
    },
    "@react-bootstrap/react-popper": {
      "version": "1.2.1",
      "resolved": "https://registry.npmjs.org/@react-bootstrap/react-popper/-/react-popper-1.2.1.tgz",
      "integrity": "sha512-4l3q7LcZEhrSkI4d3Ie3g4CdrXqqTexXX4PFT45CB0z5z2JUbaxgRwKNq7r5j2bLdVpZm+uvUGqxJw8d9vgbJQ==",
      "requires": {
        "babel-runtime": "6.x.x",
        "create-react-context": "^0.2.1",
        "popper.js": "^1.14.4",
        "prop-types": "^15.6.1",
        "typed-styles": "^0.0.5",
        "warning": "^3.0.0"
      },
      "dependencies": {
        "warning": {
          "version": "3.0.0",
          "resolved": "https://registry.npmjs.org/warning/-/warning-3.0.0.tgz",
          "integrity": "sha1-MuU3fLVy3kqwR1O9+IIcAe1gW3w=",
          "requires": {
            "loose-envify": "^1.0.0"
          }
        }
      }
    },
    "asap": {
      "version": "2.0.6",
      "resolved": "https://registry.npmjs.org/asap/-/asap-2.0.6.tgz",
      "integrity": "sha1-5QNHYR1+aQlDIIu9r+vLwvuGbUY="
    },
    "babel-runtime": {
      "version": "6.26.0",
      "resolved": "https://registry.npmjs.org/babel-runtime/-/babel-runtime-6.26.0.tgz",
      "integrity": "sha1-llxwWGaOgrVde/4E/yM3vItWR/4=",
      "requires": {
        "core-js": "^2.4.0",
        "regenerator-runtime": "^0.11.0"
      },
      "dependencies": {
        "regenerator-runtime": {
          "version": "0.11.1",
          "resolved": "https://registry.npmjs.org/regenerator-runtime/-/regenerator-runtime-0.11.1.tgz",
          "integrity": "sha512-MguG95oij0fC3QV3URf4V2SDYGJhJnJGqvIIgdECeODCT98wSWDAJ94SSuVpYQUoTcGUIL6L4yNB7j1DFFHSBg=="
        }
      }
    },
    "bootstrap": {
      "version": "4.3.1",
      "resolved": "https://registry.npmjs.org/bootstrap/-/bootstrap-4.3.1.tgz",
      "integrity": "sha512-rXqOmH1VilAt2DyPzluTi2blhk17bO7ef+zLLPlWvG494pDxcM234pJ8wTc/6R40UWizAIIMgxjvxZg5kmsbag=="
    },
    "classnames": {
      "version": "2.2.6",
      "resolved": "https://registry.npmjs.org/classnames/-/classnames-2.2.6.tgz",
      "integrity": "sha512-JR/iSQOSt+LQIWwrwEzJ9uk0xfN3mTVYMwt1Ir5mUcSN6pU+V4zQFFaJsclJbPuAUQH+yfWef6tm7l1quW3C8Q=="
    },
    "core-js": {
      "version": "2.6.5",
      "resolved": "https://registry.npmjs.org/core-js/-/core-js-2.6.5.tgz",
      "integrity": "sha512-klh/kDpwX8hryYL14M9w/xei6vrv6sE8gTHDG7/T/+SEovB/G4ejwcfE/CBzO6Edsu+OETZMZ3wcX/EjUkrl5A=="
    },
    "create-react-class": {
      "version": "15.6.3",
      "resolved": "https://registry.npmjs.org/create-react-class/-/create-react-class-15.6.3.tgz",
      "integrity": "sha512-M+/3Q6E6DLO6Yx3OwrWjwHBnvfXXYA7W+dFjt/ZDBemHO1DDZhsalX/NUtnTYclN6GfnBDRh4qRHjcDHmlJBJg==",
      "requires": {
        "fbjs": "^0.8.9",
        "loose-envify": "^1.3.1",
        "object-assign": "^4.1.1"
      }
    },
    "create-react-context": {
      "version": "0.2.3",
      "resolved": "https://registry.npmjs.org/create-react-context/-/create-react-context-0.2.3.tgz",
      "integrity": "sha512-CQBmD0+QGgTaxDL3OX1IDXYqjkp2It4RIbcb99jS6AEg27Ga+a9G3JtK6SIu0HBwPLZlmwt9F7UwWA4Bn92Rag==",
      "requires": {
        "fbjs": "^0.8.0",
        "gud": "^1.0.0"
      }
    },
    "date-fns": {
      "version": "2.0.0-alpha.27",
      "resolved": "https://registry.npmjs.org/date-fns/-/date-fns-2.0.0-alpha.27.tgz",
      "integrity": "sha512-cqfVLS+346P/Mpj2RpDrBv0P4p2zZhWWvfY5fuWrXNR/K38HaAGEkeOwb47hIpQP9Jr/TIxjZ2/sNMQwdXuGMg=="
    },
    "detect-element-overflow": {
      "version": "1.1.1",
      "resolved": "https://registry.npmjs.org/detect-element-overflow/-/detect-element-overflow-1.1.1.tgz",
      "integrity": "sha512-07f/EWuaPHU2JqPLg1JPuNaf47h+A5dt70EHO+X+U1zzSuAsgmI5qAU3kP1bCMICYmuvMrcqEZOIxiLB9d8zdg=="
    },
    "dom-helpers": {
      "version": "3.4.0",
      "resolved": "https://registry.npmjs.org/dom-helpers/-/dom-helpers-3.4.0.tgz",
      "integrity": "sha512-LnuPJ+dwqKDIyotW1VzmOZ5TONUN7CwkCR5hrgawTUbkBGYdeoNLZo6nNfGkCrjtE1nXXaj7iMMpDa8/d9WoIA==",
      "requires": {
        "@babel/runtime": "^7.1.2"
      }
    },
    "encoding": {
      "version": "0.1.12",
      "resolved": "https://registry.npmjs.org/encoding/-/encoding-0.1.12.tgz",
      "integrity": "sha1-U4tm8+5izRq1HsMjgp0flIDHS+s=",
      "requires": {
        "iconv-lite": "~0.4.13"
      }
    },
    "fbjs": {
      "version": "0.8.17",
      "resolved": "https://registry.npmjs.org/fbjs/-/fbjs-0.8.17.tgz",
      "integrity": "sha1-xNWY6taUkRJlPWWIsBpc3Nn5D90=",
      "requires": {
        "core-js": "^1.0.0",
        "isomorphic-fetch": "^2.1.1",
        "loose-envify": "^1.0.0",
        "object-assign": "^4.1.0",
        "promise": "^7.1.1",
        "setimmediate": "^1.0.5",
        "ua-parser-js": "^0.7.18"
      },
      "dependencies": {
        "core-js": {
          "version": "1.2.7",
          "resolved": "https://registry.npmjs.org/core-js/-/core-js-1.2.7.tgz",
          "integrity": "sha1-ZSKUwUZR2yj6k70tX/KYOk8IxjY="
        }
      }
    },
    "get-user-locale": {
      "version": "1.1.1",
      "resolved": "https://registry.npmjs.org/get-user-locale/-/get-user-locale-1.1.1.tgz",
      "integrity": "sha512-KuA+vMhsY+rSPK8hrmOvf7xXIMTs+L06RkgZ83jawZHSEqPLafZtQ63d3waXW3r8z6EQ49I/trraNncWM+s/2g==",
      "requires": {
        "lodash.once": "^4.1.1"
      }
    },
    "gud": {
      "version": "1.0.0",
      "resolved": "https://registry.npmjs.org/gud/-/gud-1.0.0.tgz",
      "integrity": "sha512-zGEOVKFM5sVPPrYs7J5/hYEw2Pof8KCyOwyhG8sAF26mCAeUFAcYPu1mwB7hhpIP29zOIBaDqwuHdLp0jvZXjw=="
    },
    "iconv-lite": {
      "version": "0.4.24",
      "resolved": "https://registry.npmjs.org/iconv-lite/-/iconv-lite-0.4.24.tgz",
      "integrity": "sha512-v3MXnZAcvnywkTUEZomIActle7RXXeedOR31wwl7VlyoXO4Qi9arvSenNQWne1TcRwhCL1HwLI21bEqdpj8/rA==",
      "requires": {
        "safer-buffer": ">= 2.1.2 < 3"
      }
    },
    "invariant": {
      "version": "2.2.4",
      "resolved": "https://registry.npmjs.org/invariant/-/invariant-2.2.4.tgz",
      "integrity": "sha512-phJfQVBuaJM5raOpJjSfkiD6BpbCE4Ns//LaXl6wGYtUBY83nWS6Rf9tXm2e8VaK60JEjYldbPif/A2B1C2gNA==",
      "requires": {
        "loose-envify": "^1.0.0"
      }
    },
    "is-stream": {
      "version": "1.1.0",
      "resolved": "https://registry.npmjs.org/is-stream/-/is-stream-1.1.0.tgz",
      "integrity": "sha1-EtSj3U5o4Lec6428hBc66A2RykQ="
    },
    "isomorphic-fetch": {
      "version": "2.2.1",
      "resolved": "https://registry.npmjs.org/isomorphic-fetch/-/isomorphic-fetch-2.2.1.tgz",
      "integrity": "sha1-YRrhrPFPXoH3KVB0coGf6XM1WKk=",
      "requires": {
        "node-fetch": "^1.0.1",
        "whatwg-fetch": ">=0.10.0"
      }
    },
    "jquery": {
      "version": "3.3.1",
      "resolved": "https://registry.npmjs.org/jquery/-/jquery-3.3.1.tgz",
      "integrity": "sha512-Ubldcmxp5np52/ENotGxlLe6aGMvmF4R8S6tZjsP6Knsaxd/xp3Zrh50cG93lR6nPXyUFwzN3ZSOQI0wRJNdGg=="
    },
    "js-tokens": {
      "version": "4.0.0",
      "resolved": "https://registry.npmjs.org/js-tokens/-/js-tokens-4.0.0.tgz",
      "integrity": "sha512-RdJUflcE3cUzKiMqQgsCu06FPu9UdIJO0beYbPhHN4k6apgJtifcoCtT9bcxOpYBtpD2kCM6Sbzg4CausW/PKQ=="
    },
    "keycode": {
      "version": "2.2.0",
      "resolved": "https://registry.npmjs.org/keycode/-/keycode-2.2.0.tgz",
      "integrity": "sha1-PQr1bce4uOXLqNCpfxByBO7CKwQ="
    },
    "lodash.once": {
      "version": "4.1.1",
      "resolved": "https://registry.npmjs.org/lodash.once/-/lodash.once-4.1.1.tgz",
      "integrity": "sha1-DdOXEhPHxW34gJd9UEyI+0cal6w="
    },
    "loose-envify": {
      "version": "1.4.0",
      "resolved": "https://registry.npmjs.org/loose-envify/-/loose-envify-1.4.0.tgz",
      "integrity": "sha512-lyuxPGr/Wfhrlem2CL/UcnUc1zcqKAImBDzukY7Y5F/yQiNdko6+fRLevlw1HgMySw7f611UIY408EtxRSoK3Q==",
      "requires": {
        "js-tokens": "^3.0.0 || ^4.0.0"
      }
    },
    "make-event-props": {
      "version": "1.2.0",
      "resolved": "https://registry.npmjs.org/make-event-props/-/make-event-props-1.2.0.tgz",
      "integrity": "sha512-BmWFkm/jZzVH9A0tEBdkjAARUz/eha+5IRyfOndeSMKRadkgR5DawoBHoRwLxkYmjJOI5bHkXKpaZocxj+dKgg=="
    },
    "merge-class-names": {
      "version": "1.1.1",
      "resolved": "https://registry.npmjs.org/merge-class-names/-/merge-class-names-1.1.1.tgz",
      "integrity": "sha512-+UUWBUoFw9QLY/UlBKU/xk9h6OhyG3BUDDuF2eIJcxmusWb/uedvNpZGkysqMw5b/ds+wkX7NJTDSdUuRsCNyA=="
    },
    "node-fetch": {
      "version": "1.7.3",
      "resolved": "https://registry.npmjs.org/node-fetch/-/node-fetch-1.7.3.tgz",
      "integrity": "sha512-NhZ4CsKx7cYm2vSrBAr2PvFOe6sWDf0UYLRqA6svUYg7+/TSfVAu49jYC4BvQ4Sms9SZgdqGBgroqfDhJdTyKQ==",
      "requires": {
        "encoding": "^0.1.11",
        "is-stream": "^1.0.1"
      }
    },
    "object-assign": {
      "version": "4.1.1",
      "resolved": "https://registry.npmjs.org/object-assign/-/object-assign-4.1.1.tgz",
      "integrity": "sha1-IQmtx5ZYh8/AXLvUQsrIv7s2CGM="
    },
    "popper.js": {
      "version": "1.14.7",
      "resolved": "https://registry.npmjs.org/popper.js/-/popper.js-1.14.7.tgz",
      "integrity": "sha512-4q1hNvoUre/8srWsH7hnoSJ5xVmIL4qgz+s4qf2TnJIMyZFUFMGH+9vE7mXynAlHSZ/NdTmmow86muD0myUkVQ=="
    },
    "promise": {
      "version": "7.3.1",
      "resolved": "https://registry.npmjs.org/promise/-/promise-7.3.1.tgz",
      "integrity": "sha512-nolQXZ/4L+bP/UGlkfaIujX9BKxGwmQ9OT4mOt5yvy8iK1h3wqTEJCijzGANTCCl9nWjY41juyAn2K3Q1hLLTg==",
      "requires": {
        "asap": "~2.0.3"
      }
    },
    "prop-types": {
      "version": "15.7.2",
      "resolved": "https://registry.npmjs.org/prop-types/-/prop-types-15.7.2.tgz",
      "integrity": "sha512-8QQikdH7//R2vurIJSutZ1smHYTcLpRWEOlHnzcWHmBYrOGUysKwSsrC89BCiFj3CbrfJ/nXFdJepOVrY1GCHQ==",
      "requires": {
        "loose-envify": "^1.4.0",
        "object-assign": "^4.1.1",
        "react-is": "^16.8.1"
      }
    },
    "prop-types-extra": {
      "version": "1.1.0",
      "resolved": "https://registry.npmjs.org/prop-types-extra/-/prop-types-extra-1.1.0.tgz",
      "integrity": "sha512-QFyuDxvMipmIVKD2TwxLVPzMnO4e5oOf1vr3tJIomL8E7d0lr6phTHd5nkPhFIzTD1idBLLEPeylL9g+rrTzRg==",
      "requires": {
        "react-is": "^16.3.2",
        "warning": "^3.0.0"
      },
      "dependencies": {
        "warning": {
          "version": "3.0.0",
          "resolved": "https://registry.npmjs.org/warning/-/warning-3.0.0.tgz",
          "integrity": "sha1-MuU3fLVy3kqwR1O9+IIcAe1gW3w=",
          "requires": {
            "loose-envify": "^1.0.0"
          }
        }
      }
    },
    "react": {
      "version": "16.8.4",
      "resolved": "https://registry.npmjs.org/react/-/react-16.8.4.tgz",
      "integrity": "sha512-0GQ6gFXfUH7aZcjGVymlPOASTuSjlQL4ZtVC5YKH+3JL6bBLCVO21DknzmaPlI90LN253ojj02nsapy+j7wIjg==",
      "requires": {
        "loose-envify": "^1.1.0",
        "object-assign": "^4.1.1",
        "prop-types": "^15.6.2",
        "scheduler": "^0.13.4"
      }
    },
    "react-bootstrap": {
      "version": "1.0.0-beta.5",
      "resolved": "https://registry.npmjs.org/react-bootstrap/-/react-bootstrap-1.0.0-beta.5.tgz",
      "integrity": "sha512-Osm0OtTbYwfsT1rpu88ESWuAHZxfaHFNKFiW8w3w+6YY9/bLEPHbGRZA6W21fg5yvcuKN9hJKT857TTHgY7SoQ==",
      "requires": {
        "@babel/runtime": "^7.2.0",
        "@react-bootstrap/react-popper": "1.2.1",
        "classnames": "^2.2.6",
        "dom-helpers": "^3.4.0",
        "invariant": "^2.2.3",
        "keycode": "^2.1.2",
        "popper.js": "^1.14.6",
        "prop-types": "^15.6.2",
        "prop-types-extra": "^1.1.0",
        "react-context-toolbox": "^2.0.2",
        "react-overlays": "^1.0.0",
        "react-prop-types": "^0.4.0",
        "react-transition-group": "^2.5.1",
        "uncontrollable": "^6.0.0",
        "warning": "^4.0.1"
      }
    },
    "react-calendar": {
      "version": "2.18.1",
      "resolved": "https://registry.npmjs.org/react-calendar/-/react-calendar-2.18.1.tgz",
      "integrity": "sha512-J3tVim1gLpnsCOaeez+z4QJB5oK6UYLJj5TSMOStSJBvkWMEcTzj7bq7yCJJCNLUg2Vd3i11gJXish0LUFhXaw==",
      "requires": {
        "get-user-locale": "^1.1.1",
        "merge-class-names": "^1.1.1",
        "prop-types": "^15.6.0",
        "react-lifecycles-compat": "^3.0.4"
      }
    },
    "react-context-toolbox": {
      "version": "2.0.2",
      "resolved": "https://registry.npmjs.org/react-context-toolbox/-/react-context-toolbox-2.0.2.tgz",
      "integrity": "sha512-tY4j0imkYC3n5ZlYSgFkaw7fmlCp3IoQQ6DxpqeNHzcD0hf+6V+/HeJxviLUZ1Rv1Yn3N3xyO2EhkkZwHn0m1A=="
    },
    "react-date-picker": {
      "version": "7.3.0",
      "resolved": "https://registry.npmjs.org/react-date-picker/-/react-date-picker-7.3.0.tgz",
      "integrity": "sha512-uxn4kgVCZPo0PEOeY9kMLkG8b9qJt+doVr/7qfp34jEI5zSdpl4gsZ7UsqxfIZSdGP3y1aQpmOvEAqVwZYHsHw==",
      "requires": {
        "get-user-locale": "^1.1.1",
        "make-event-props": "^1.1.0",
        "merge-class-names": "^1.1.1",
        "prop-types": "^15.6.0",
        "react-calendar": "^2.18.0",
        "react-fit": "^1.0.3",
        "react-lifecycles-compat": "^3.0.4"
      }
    },
    "react-datepicker": {
      "version": "2.2.0",
      "resolved": "https://registry.npmjs.org/react-datepicker/-/react-datepicker-2.2.0.tgz",
      "integrity": "sha512-JXXyytODTQojN2i2rbS/1MWnQkSlXiSDzOiGbQCC/vVuyo/1yPgj+2UP+wHXYjKobPirWMG3zfxZdZa4y2wTKg==",
      "requires": {
        "classnames": "^2.2.5",
        "date-fns": "^2.0.0-alpha.23",
        "prop-types": "^15.6.0",
        "react-onclickoutside": "^6.7.1",
        "react-popper": "^1.0.2"
      }
    },
    "react-datetime": {
      "version": "2.16.3",
      "resolved": "https://registry.npmjs.org/react-datetime/-/react-datetime-2.16.3.tgz",
      "integrity": "sha512-amWfb5iGEiyqjLmqCLlPpu2oN415jK8wX1qoTq7qn6EYiU7qQgbNHglww014PT4O/3G5eo/3kbJu/M/IxxTyGw==",
      "requires": {
        "create-react-class": "^15.5.2",
        "object-assign": "^3.0.0",
        "prop-types": "^15.5.7",
        "react-onclickoutside": "^6.5.0"
      },
      "dependencies": {
        "object-assign": {
          "version": "3.0.0",
          "resolved": "https://registry.npmjs.org/object-assign/-/object-assign-3.0.0.tgz",
          "integrity": "sha1-m+3VygiXlJvKR+f/QIBi1Un1h/I="
        }
      }
    },
    "react-dom": {
      "version": "16.8.4",
      "resolved": "https://registry.npmjs.org/react-dom/-/react-dom-16.8.4.tgz",
      "integrity": "sha512-Ob2wK7XG2tUDt7ps7LtLzGYYB6DXMCLj0G5fO6WeEICtT4/HdpOi7W/xLzZnR6RCG1tYza60nMdqtxzA8FaPJQ==",
      "requires": {
        "loose-envify": "^1.1.0",
        "object-assign": "^4.1.1",
        "prop-types": "^15.6.2",
        "scheduler": "^0.13.4"
      }
    },
    "react-fit": {
      "version": "1.0.4",
      "resolved": "https://registry.npmjs.org/react-fit/-/react-fit-1.0.4.tgz",
      "integrity": "sha512-TYKXASKYXz1ZcRQpmSepwkj+UmTNsYtm4dDF/qZZchZPWZSFx3oP0RDMavlG4MKXbj8aAPw6ycXuibfOu/yXrA==",
      "requires": {
        "detect-element-overflow": "^1.1.1",
        "prop-types": "^15.6.0"
      }
    },
    "react-is": {
      "version": "16.8.4",
      "resolved": "https://registry.npmjs.org/react-is/-/react-is-16.8.4.tgz",
      "integrity": "sha512-PVadd+WaUDOAciICm/J1waJaSvgq+4rHE/K70j0PFqKhkTBsPv/82UGQJNXAngz1fOQLLxI6z1sEDmJDQhCTAA=="
    },
    "react-lifecycles-compat": {
      "version": "3.0.4",
      "resolved": "https://registry.npmjs.org/react-lifecycles-compat/-/react-lifecycles-compat-3.0.4.tgz",
      "integrity": "sha512-fBASbA6LnOU9dOU2eW7aQ8xmYBSXUIWr+UmF9b1efZBazGNO+rcXT/icdKnYm2pTwcRylVUYwW7H1PHfLekVzA=="
    },
    "react-onclickoutside": {
      "version": "6.8.0",
      "resolved": "https://registry.npmjs.org/react-onclickoutside/-/react-onclickoutside-6.8.0.tgz",
      "integrity": "sha512-5Q4Rn7QLEoh7WIe66KFvYIpWJ49GeHoygP1/EtJyZjXKgrWH19Tf0Ty3lWyQzrEEDyLOwUvvmBFSE3dcDdvagA=="
    },
    "react-overlays": {
      "version": "1.2.0",
      "resolved": "https://registry.npmjs.org/react-overlays/-/react-overlays-1.2.0.tgz",
      "integrity": "sha512-i/FCV8wR6aRaI+Kz/dpJhOdyx+ah2tN1RhT9InPrexyC4uzf3N4bNayFTGtUeQVacj57j1Mqh1CwV60/5153Iw==",
      "requires": {
        "classnames": "^2.2.6",
        "dom-helpers": "^3.4.0",
        "prop-types": "^15.6.2",
        "prop-types-extra": "^1.1.0",
        "react-context-toolbox": "^2.0.2",
        "react-popper": "^1.3.2",
        "uncontrollable": "^6.0.0",
        "warning": "^4.0.2"
      }
    },
    "react-popper": {
      "version": "1.3.3",
      "resolved": "https://registry.npmjs.org/react-popper/-/react-popper-1.3.3.tgz",
      "integrity": "sha512-ynMZBPkXONPc5K4P5yFWgZx5JGAUIP3pGGLNs58cfAPgK67olx7fmLp+AdpZ0+GoQ+ieFDa/z4cdV6u7sioH6w==",
      "requires": {
        "@babel/runtime": "^7.1.2",
        "create-react-context": "<=0.2.2",
        "popper.js": "^1.14.4",
        "prop-types": "^15.6.1",
        "typed-styles": "^0.0.7",
        "warning": "^4.0.2"
      },
      "dependencies": {
        "create-react-context": {
          "version": "0.2.2",
          "resolved": "https://registry.npmjs.org/create-react-context/-/create-react-context-0.2.2.tgz",
          "integrity": "sha512-KkpaLARMhsTsgp0d2NA/R94F/eDLbhXERdIq3LvX2biCAXcDvHYoOqHfWCHf1+OLj+HKBotLG3KqaOOf+C1C+A==",
          "requires": {
            "fbjs": "^0.8.0",
            "gud": "^1.0.0"
          }
        },
        "typed-styles": {
          "version": "0.0.7",
          "resolved": "https://registry.npmjs.org/typed-styles/-/typed-styles-0.0.7.tgz",
          "integrity": "sha512-pzP0PWoZUhsECYjABgCGQlRGL1n7tOHsgwYv3oIiEpJwGhFTuty/YNeduxQYzXXa3Ge5BdT6sHYIQYpl4uJ+5Q=="
        }
      }
    },
    "react-prop-types": {
      "version": "0.4.0",
      "resolved": "https://registry.npmjs.org/react-prop-types/-/react-prop-types-0.4.0.tgz",
      "integrity": "sha1-+ZsL+0AGkpya8gUefBQUpcdbk9A=",
      "requires": {
        "warning": "^3.0.0"
      },
      "dependencies": {
        "warning": {
          "version": "3.0.0",
          "resolved": "https://registry.npmjs.org/warning/-/warning-3.0.0.tgz",
          "integrity": "sha1-MuU3fLVy3kqwR1O9+IIcAe1gW3w=",
          "requires": {
            "loose-envify": "^1.0.0"
          }
        }
      }
    },
    "react-transition-group": {
      "version": "2.6.0",
      "resolved": "https://registry.npmjs.org/react-transition-group/-/react-transition-group-2.6.0.tgz",
      "integrity": "sha512-VzZ+6k/adL3pJHo4PU/MHEPjW59/TGQtRsXC+wnxsx2mxjQKNHnDdJL/GpYuPJIsyHGjYbBQfIJ2JNOAdPc8GQ==",
      "requires": {
        "dom-helpers": "^3.3.1",
        "loose-envify": "^1.4.0",
        "prop-types": "^15.6.2",
        "react-lifecycles-compat": "^3.0.4"
      }
    },
    "regenerator-runtime": {
      "version": "0.12.1",
      "resolved": "https://registry.npmjs.org/regenerator-runtime/-/regenerator-runtime-0.12.1.tgz",
      "integrity": "sha512-odxIc1/vDlo4iZcfXqRYFj0vpXFNoGdKMAUieAlFYO6m/nl5e9KR/beGf41z4a1FI+aQgtjhuaSlDxQ0hmkrHg=="
    },
    "safer-buffer": {
      "version": "2.1.2",
      "resolved": "https://registry.npmjs.org/safer-buffer/-/safer-buffer-2.1.2.tgz",
      "integrity": "sha512-YZo3K82SD7Riyi0E1EQPojLz7kpepnSQI9IyPbHHg1XXXevb5dJI7tpyN2ADxGcQbHG7vcyRHk0cbwqcQriUtg=="
    },
    "scheduler": {
      "version": "0.13.4",
      "resolved": "https://registry.npmjs.org/scheduler/-/scheduler-0.13.4.tgz",
      "integrity": "sha512-cvSOlRPxOHs5dAhP9yiS/6IDmVAVxmk33f0CtTJRkmUWcb1Us+t7b1wqdzoC0REw2muC9V5f1L/w5R5uKGaepA==",
      "requires": {
        "loose-envify": "^1.1.0",
        "object-assign": "^4.1.1"
      }
    },
    "setimmediate": {
      "version": "1.0.5",
      "resolved": "https://registry.npmjs.org/setimmediate/-/setimmediate-1.0.5.tgz",
      "integrity": "sha1-KQy7Iy4waULX1+qbg3Mqt4VvgoU="
    },
    "typed-styles": {
      "version": "0.0.5",
      "resolved": "https://registry.npmjs.org/typed-styles/-/typed-styles-0.0.5.tgz",
      "integrity": "sha512-ht+rEe5UsdEBAa3gr64+QjUOqjOLJfWLvl5HZR5Ev9uo/OnD3p43wPeFSB1hNFc13GXQF/JU1Bn0YHLUqBRIlw=="
    },
    "ua-parser-js": {
      "version": "0.7.19",
      "resolved": "https://registry.npmjs.org/ua-parser-js/-/ua-parser-js-0.7.19.tgz",
      "integrity": "sha512-T3PVJ6uz8i0HzPxOF9SWzWAlfN/DavlpQqepn22xgve/5QecC+XMCAtmUNnY7C9StehaV6exjUCI801lOI7QlQ=="
    },
    "uncontrollable": {
      "version": "6.1.0",
      "resolved": "https://registry.npmjs.org/uncontrollable/-/uncontrollable-6.1.0.tgz",
      "integrity": "sha512-2TzEm0pLKauMBZfAZXsgQvLpZHEp95891frCZdGDrSG7dWYaIQhedwLAzi0X8pR8KHNqlmuYEb2cEgbQzr050A==",
      "requires": {
        "invariant": "^2.2.4"
      }
    },
    "warning": {
      "version": "4.0.3",
      "resolved": "https://registry.npmjs.org/warning/-/warning-4.0.3.tgz",
      "integrity": "sha512-rpJyN222KWIvHJ/F53XSZv0Zl/accqHR8et1kpaMTD/fLCRxtV8iX8czMzY7sVZupTI3zcUTg8eycS2kNF9l6w==",
      "requires": {
        "loose-envify": "^1.0.0"
      }
    },
    "whatwg-fetch": {
      "version": "3.0.0",
      "resolved": "https://registry.npmjs.org/whatwg-fetch/-/whatwg-fetch-3.0.0.tgz",
      "integrity": "sha512-9GSJUgz1D4MfyKU7KRqwOjXCXTqWdFNvEr7eUBYchQiVc744mqK/MzXPNR2WsPkmkOa4ywfg8C2n8h+13Bey1Q=="
      "typescript": {
        "version": "3.4.1",
        "resolved": "https://registry.npmjs.org/typescript/-/typescript-3.4.1.tgz",
        "integrity": "sha512-3NSMb2VzDQm8oBTLH6Nj55VVtUEpe/rgkIzMir0qVoLyjDZlnMBva0U6vDiV3IH+sl/Yu6oP5QwsAQtHPmDd2Q=="
      }
    }
  }
}
    
