
Microsoft Visual Studio Solution File, Format Version 12.00
# Visual Studio 15
VisualStudioVersion = 15.0.28010.2019
MinimumVisualStudioVersion = 10.0.40219.1
Project("{FAE04EC0-301F-11D3-BF4B-00C04F79EFBC}") = "Scrumban", "Scrumban\Scrumban.csproj", "{BECF3EDD-21FF-4DC5-AE4E-ED8FE906AC33}"
EndProject
Global
	GlobalSection(SolutionConfigurationPlatforms) = preSolution
		Debug|Any CPU = Debug|Any CPU
		Release|Any CPU = Release|Any CPU
	EndGlobalSection
	GlobalSection(ProjectConfigurationPlatforms) = postSolution
		{BECF3EDD-21FF-4DC5-AE4E-ED8FE906AC33}.Debug|Any CPU.ActiveCfg = Debug|Any CPU
		{BECF3EDD-21FF-4DC5-AE4E-ED8FE906AC33}.Debug|Any CPU.Build.0 = Debug|Any CPU
		{BECF3EDD-21FF-4DC5-AE4E-ED8FE906AC33}.Release|Any CPU.ActiveCfg = Release|Any CPU
		{BECF3EDD-21FF-4DC5-AE4E-ED8FE906AC33}.Release|Any CPU.Build.0 = Release|Any CPU
	EndGlobalSection
	GlobalSection(SolutionProperties) = preSolution
		HideSolutionNode = FALSE
	EndGlobalSection
	GlobalSection(ExtensibilityGlobals) = postSolution
		SolutionGuid = {EB86F562-92BB-49E3-B5F7-2605A4CF28FD}
	EndGlobalSection
EndGlobal
